
Microsoft Visual Studio Solution File, Format Version 12.00
# Visual Studio Version 17
VisualStudioVersion = 17.3.32922.545
MinimumVisualStudioVersion = 10.0.40219.1
Project("{FAE04EC0-301F-11D3-BF4B-00C04F79EFBC}") = "MelikeArslan_211103031", "MelikeArslan_211103031\MelikeArslan_211103031.csproj", "{501F6D39-11BB-4C6C-A838-2021FD17312A}"
EndProject
Global
	GlobalSection(SolutionConfigurationPlatforms) = preSolution
		Debug|Any CPU = Debug|Any CPU
		Release|Any CPU = Release|Any CPU
	EndGlobalSection
	GlobalSection(ProjectConfigurationPlatforms) = postSolution
		{501F6D39-11BB-4C6C-A838-2021FD17312A}.Debug|Any CPU.ActiveCfg = Debug|Any CPU
		{501F6D39-11BB-4C6C-A838-2021FD17312A}.Debug|Any CPU.Build.0 = Debug|Any CPU
		{501F6D39-11BB-4C6C-A838-2021FD17312A}.Release|Any CPU.ActiveCfg = Release|Any CPU
		{501F6D39-11BB-4C6C-A838-2021FD17312A}.Release|Any CPU.Build.0 = Release|Any CPU
	EndGlobalSection
	GlobalSection(SolutionProperties) = preSolution
		HideSolutionNode = FALSE
	EndGlobalSection
	GlobalSection(ExtensibilityGlobals) = postSolution
		SolutionGuid = {163ADF54-0422-47B6-A214-2FC5A2B1EECC}
	EndGlobalSection
EndGlobal
